
Microsoft Visual Studio Solution File, Format Version 12.00
# Visual Studio 14
VisualStudioVersion = 14.0.25420.1
MinimumVisualStudioVersion = 10.0.40219.1
Project("{FAE04EC0-301F-11D3-BF4B-00C04F79EFBC}") = "nexus.core", "src\nexus.core\nexus.core.csproj", "{0BFB8710-A65C-453D-BD97-72F72D922156}"
EndProject
Project("{2150E333-8FDC-42A3-9474-1A3956D46DE8}") = "src", "src", "{0F31EA04-E04A-4889-AF4E-D5784825F94C}"
EndProject
Global
	GlobalSection(SolutionConfigurationPlatforms) = preSolution
		Debug|Any CPU = Debug|Any CPU
		Debug|x86 = Debug|x86
		Release|Any CPU = Release|Any CPU
		Release|x86 = Release|x86
	EndGlobalSection
	GlobalSection(ProjectConfigurationPlatforms) = postSolution
		{0BFB8710-A65C-453D-BD97-72F72D922156}.Debug|Any CPU.ActiveCfg = Debug|Any CPU
		{0BFB8710-A65C-453D-BD97-72F72D922156}.Debug|Any CPU.Build.0 = Debug|Any CPU
		{0BFB8710-A65C-453D-BD97-72F72D922156}.Debug|x86.ActiveCfg = Debug|Any CPU
		{0BFB8710-A65C-453D-BD97-72F72D922156}.Debug|x86.Build.0 = Debug|Any CPU
		{0BFB8710-A65C-453D-BD97-72F72D922156}.Release|Any CPU.ActiveCfg = Release|Any CPU
		{0BFB8710-A65C-453D-BD97-72F72D922156}.Release|Any CPU.Build.0 = Release|Any CPU
		{0BFB8710-A65C-453D-BD97-72F72D922156}.Release|x86.ActiveCfg = Release|Any CPU
		{0BFB8710-A65C-453D-BD97-72F72D922156}.Release|x86.Build.0 = Release|Any CPU
	EndGlobalSection
	GlobalSection(SolutionProperties) = preSolution
		HideSolutionNode = FALSE
	EndGlobalSection
	GlobalSection(NestedProjects) = preSolution
		{0BFB8710-A65C-453D-BD97-72F72D922156} = {0F31EA04-E04A-4889-AF4E-D5784825F94C}
	EndGlobalSection
EndGlobal
